
Microsoft Visual Studio Solution File, Format Version 11.00
# Visual Studio 2010
Project("{FAE04EC0-301F-11D3-BF4B-00C04F79EFBC}") = "Concordion", "Concordion\Concordion.csproj", "{F401D347-5762-49DA-B7DF-4C6C9E79E08A}"
EndProject
Project("{FAE04EC0-301F-11D3-BF4B-00C04F79EFBC}") = "Concordion.Test", "Concordion.Test\Concordion.Test.csproj", "{1FB3D6CF-AE3E-4EF6-9AA7-324AE600A932}"
EndProject
Project("{FAE04EC0-301F-11D3-BF4B-00C04F79EFBC}") = "Concordion.Spec", "Concordion.Spec\Concordion.Spec.csproj", "{56F38030-7A94-4E5C-AE67-F5E8E94056D6}"
EndProject
Project("{FAE04EC0-301F-11D3-BF4B-00C04F79EFBC}") = "Gallio.ConcordionAdapter", "Gallio.ConcordionAdapter\Gallio.ConcordionAdapter.csproj", "{57D6B2E4-69A8-42A6-8220-AAE6EDFB902D}"
EndProject
Global
	GlobalSection(SolutionConfigurationPlatforms) = preSolution
		Debug|Any CPU = Debug|Any CPU
		Release|Any CPU = Release|Any CPU
	EndGlobalSection
	GlobalSection(ProjectConfigurationPlatforms) = postSolution
		{F401D347-5762-49DA-B7DF-4C6C9E79E08A}.Debug|Any CPU.ActiveCfg = Debug|Any CPU
		{F401D347-5762-49DA-B7DF-4C6C9E79E08A}.Debug|Any CPU.Build.0 = Debug|Any CPU
		{F401D347-5762-49DA-B7DF-4C6C9E79E08A}.Release|Any CPU.ActiveCfg = Release|Any CPU
		{F401D347-5762-49DA-B7DF-4C6C9E79E08A}.Release|Any CPU.Build.0 = Release|Any CPU
		{1FB3D6CF-AE3E-4EF6-9AA7-324AE600A932}.Debug|Any CPU.ActiveCfg = Debug|Any CPU
		{1FB3D6CF-AE3E-4EF6-9AA7-324AE600A932}.Debug|Any CPU.Build.0 = Debug|Any CPU
		{1FB3D6CF-AE3E-4EF6-9AA7-324AE600A932}.Release|Any CPU.ActiveCfg = Release|Any CPU
		{1FB3D6CF-AE3E-4EF6-9AA7-324AE600A932}.Release|Any CPU.Build.0 = Release|Any CPU
		{56F38030-7A94-4E5C-AE67-F5E8E94056D6}.Debug|Any CPU.ActiveCfg = Debug|Any CPU
		{56F38030-7A94-4E5C-AE67-F5E8E94056D6}.Debug|Any CPU.Build.0 = Debug|Any CPU
		{56F38030-7A94-4E5C-AE67-F5E8E94056D6}.Release|Any CPU.ActiveCfg = Release|Any CPU
		{56F38030-7A94-4E5C-AE67-F5E8E94056D6}.Release|Any CPU.Build.0 = Release|Any CPU
		{57D6B2E4-69A8-42A6-8220-AAE6EDFB902D}.Debug|Any CPU.ActiveCfg = Debug|Any CPU
		{57D6B2E4-69A8-42A6-8220-AAE6EDFB902D}.Debug|Any CPU.Build.0 = Debug|Any CPU
		{57D6B2E4-69A8-42A6-8220-AAE6EDFB902D}.Release|Any CPU.ActiveCfg = Release|Any CPU
		{57D6B2E4-69A8-42A6-8220-AAE6EDFB902D}.Release|Any CPU.Build.0 = Release|Any CPU
	EndGlobalSection
	GlobalSection(SolutionProperties) = preSolution
		HideSolutionNode = FALSE
	EndGlobalSection
EndGlobal
